
Microsoft Visual Studio Solution File, Format Version 11.00
# Visual Studio 2010
Project("{FAE04EC0-301F-11D3-BF4B-00C04F79EFBC}") = "UnityEngine.UI", "UnityEngine.UI.csproj", "{038D552B-BFAA-65DB-5977-FF50E757871A}"
EndProject
Project("{FAE04EC0-301F-11D3-BF4B-00C04F79EFBC}") = "UnityEngine.TestRunner", "UnityEngine.TestRunner.csproj", "{BB82309A-70A0-23A7-D91E-D52FD11EC6DA}"
EndProject
Project("{FAE04EC0-301F-11D3-BF4B-00C04F79EFBC}") = "com.unity.multiplayer-hlapi.Runtime", "com.unity.multiplayer-hlapi.Runtime.csproj", "{D7041750-535C-BCB7-A921-E07190EF5903}"
EndProject
Project("{FAE04EC0-301F-11D3-BF4B-00C04F79EFBC}") = "Unity.TextMeshPro", "Unity.TextMeshPro.csproj", "{EBEA60AD-EF57-8A53-C8AE-7EE086DD6697}"
EndProject
Project("{FAE04EC0-301F-11D3-BF4B-00C04F79EFBC}") = "Unity.Timeline", "Unity.Timeline.csproj", "{D51FB0BC-B88D-A8F7-B3E1-B062E65409DE}"
EndProject
Project("{FAE04EC0-301F-11D3-BF4B-00C04F79EFBC}") = "UnityEngine.Advertisements", "UnityEngine.Advertisements.csproj", "{3B65AD6E-2D77-A483-8AC1-17DB7C2F64FE}"
EndProject
Project("{FAE04EC0-301F-11D3-BF4B-00C04F79EFBC}") = "Unity.Analytics.DataPrivacy", "Unity.Analytics.DataPrivacy.csproj", "{34F4F09B-F3FE-817C-B846-22B145CE08D5}"
EndProject
Project("{FAE04EC0-301F-11D3-BF4B-00C04F79EFBC}") = "UnityEngine.Monetization", "UnityEngine.Monetization.csproj", "{746BA146-B4EF-0DDB-226C-EA9F44159381}"
EndProject
Project("{FAE04EC0-301F-11D3-BF4B-00C04F79EFBC}") = "Assembly-CSharp", "Assembly-CSharp.csproj", "{6DA7B02D-1C5A-619F-D45A-58225A9A0874}"
EndProject
Project("{FAE04EC0-301F-11D3-BF4B-00C04F79EFBC}") = "UnityEngine.XR.LegacyInputHelpers", "UnityEngine.XR.LegacyInputHelpers.csproj", "{952E8C41-7D77-FAB7-E991-C276E286C2CF}"
EndProject
Project("{FAE04EC0-301F-11D3-BF4B-00C04F79EFBC}") = "UnityEngine.SpatialTracking", "UnityEngine.SpatialTracking.csproj", "{796FBD6C-CCF6-9C4B-2B26-A4F1912B222C}"
EndProject
Project("{FAE04EC0-301F-11D3-BF4B-00C04F79EFBC}") = "Unity.TextMeshPro.Editor", "Unity.TextMeshPro.Editor.csproj", "{FD46C045-A0BB-A03E-C0E2-814C542B4683}"
EndProject
Project("{FAE04EC0-301F-11D3-BF4B-00C04F79EFBC}") = "Unity.Timeline.Editor", "Unity.Timeline.Editor.csproj", "{CD873CBD-EA6F-75B3-A235-9C6EC7A1D63F}"
EndProject
Project("{FAE04EC0-301F-11D3-BF4B-00C04F79EFBC}") = "UnityEditor.TestRunner", "UnityEditor.TestRunner.csproj", "{2F205C42-AB0E-AFBC-9A95-0C0B8B085912}"
EndProject
Project("{FAE04EC0-301F-11D3-BF4B-00C04F79EFBC}") = "Unity.2D.Sprite.Editor", "Unity.2D.Sprite.Editor.csproj", "{F43BAE5A-D1E2-871A-F237-A4D98FA1016D}"
EndProject
Project("{FAE04EC0-301F-11D3-BF4B-00C04F79EFBC}") = "com.unity.multiplayer-hlapi.Editor", "com.unity.multiplayer-hlapi.Editor.csproj", "{161D9FEB-3D10-2FBE-F9D2-1FA3BF8D5550}"
EndProject
Project("{FAE04EC0-301F-11D3-BF4B-00C04F79EFBC}") = "UnityEditor.UI", "UnityEditor.UI.csproj", "{E7184177-E83C-473F-8F36-F80E3F4F748A}"
EndProject
Project("{FAE04EC0-301F-11D3-BF4B-00C04F79EFBC}") = "Unity.Rider.Editor", "Unity.Rider.Editor.csproj", "{A063D51E-573F-2D6B-D417-FD7A37E45170}"
EndProject
Project("{FAE04EC0-301F-11D3-BF4B-00C04F79EFBC}") = "Unity.2D.Tilemap.Editor", "Unity.2D.Tilemap.Editor.csproj", "{9DEE26F2-8E4E-88E6-7C31-FAB8C9617D4B}"
EndProject
Project("{FAE04EC0-301F-11D3-BF4B-00C04F79EFBC}") = "UnityEditor.XR.LegacyInputHelpers", "UnityEditor.XR.LegacyInputHelpers.csproj", "{56413006-9CED-C1A2-5D18-6D2FBEF357D3}"
EndProject
Project("{FAE04EC0-301F-11D3-BF4B-00C04F79EFBC}") = "Unity.CollabProxy.Editor", "Unity.CollabProxy.Editor.csproj", "{3A253FB0-4C18-6D52-B4EE-22432FC1EAF6}"
EndProject
Project("{FAE04EC0-301F-11D3-BF4B-00C04F79EFBC}") = "com.unity.multiplayer-weaver.Editor", "com.unity.multiplayer-weaver.Editor.csproj", "{CB6DDA35-9511-06BE-5D42-6B7C498D0C26}"
EndProject
Project("{FAE04EC0-301F-11D3-BF4B-00C04F79EFBC}") = "Unity.VSCode.Editor", "Unity.VSCode.Editor.csproj", "{D635224A-A68A-04DA-8C2C-42C2E3FAE883}"
EndProject
Project("{FAE04EC0-301F-11D3-BF4B-00C04F79EFBC}") = "UnityEditor.SpatialTracking", "UnityEditor.SpatialTracking.csproj", "{5AB31389-022B-6A90-0EC7-92BCE1ACDC0C}"
EndProject
Global
	GlobalSection(SolutionConfigurationPlatforms) = preSolution
		Debug|Any CPU = Debug|Any CPU
		Release|Any CPU = Release|Any CPU
	EndGlobalSection
	GlobalSection(ProjectConfigurationPlatforms) = postSolution
		{038D552B-BFAA-65DB-5977-FF50E757871A}.Debug|Any CPU.ActiveCfg = Debug|Any CPU
		{038D552B-BFAA-65DB-5977-FF50E757871A}.Debug|Any CPU.Build.0 = Debug|Any CPU
		{038D552B-BFAA-65DB-5977-FF50E757871A}.Release|Any CPU.ActiveCfg = Release|Any CPU
		{038D552B-BFAA-65DB-5977-FF50E757871A}.Release|Any CPU.Build.0 = Release|Any CPU
		{BB82309A-70A0-23A7-D91E-D52FD11EC6DA}.Debug|Any CPU.ActiveCfg = Debug|Any CPU
		{BB82309A-70A0-23A7-D91E-D52FD11EC6DA}.Debug|Any CPU.Build.0 = Debug|Any CPU
		{BB82309A-70A0-23A7-D91E-D52FD11EC6DA}.Release|Any CPU.ActiveCfg = Release|Any CPU
		{BB82309A-70A0-23A7-D91E-D52FD11EC6DA}.Release|Any CPU.Build.0 = Release|Any CPU
		{D7041750-535C-BCB7-A921-E07190EF5903}.Debug|Any CPU.ActiveCfg = Debug|Any CPU
		{D7041750-535C-BCB7-A921-E07190EF5903}.Debug|Any CPU.Build.0 = Debug|Any CPU
		{D7041750-535C-BCB7-A921-E07190EF5903}.Release|Any CPU.ActiveCfg = Release|Any CPU
		{D7041750-535C-BCB7-A921-E07190EF5903}.Release|Any CPU.Build.0 = Release|Any CPU
		{EBEA60AD-EF57-8A53-C8AE-7EE086DD6697}.Debug|Any CPU.ActiveCfg = Debug|Any CPU
		{EBEA60AD-EF57-8A53-C8AE-7EE086DD6697}.Debug|Any CPU.Build.0 = Debug|Any CPU
		{EBEA60AD-EF57-8A53-C8AE-7EE086DD6697}.Release|Any CPU.ActiveCfg = Release|Any CPU
		{EBEA60AD-EF57-8A53-C8AE-7EE086DD6697}.Release|Any CPU.Build.0 = Release|Any CPU
		{D51FB0BC-B88D-A8F7-B3E1-B062E65409DE}.Debug|Any CPU.ActiveCfg = Debug|Any CPU
		{D51FB0BC-B88D-A8F7-B3E1-B062E65409DE}.Debug|Any CPU.Build.0 = Debug|Any CPU
		{D51FB0BC-B88D-A8F7-B3E1-B062E65409DE}.Release|Any CPU.ActiveCfg = Release|Any CPU
		{D51FB0BC-B88D-A8F7-B3E1-B062E65409DE}.Release|Any CPU.Build.0 = Release|Any CPU
		{3B65AD6E-2D77-A483-8AC1-17DB7C2F64FE}.Debug|Any CPU.ActiveCfg = Debug|Any CPU
		{3B65AD6E-2D77-A483-8AC1-17DB7C2F64FE}.Debug|Any CPU.Build.0 = Debug|Any CPU
		{3B65AD6E-2D77-A483-8AC1-17DB7C2F64FE}.Release|Any CPU.ActiveCfg = Release|Any CPU
		{3B65AD6E-2D77-A483-8AC1-17DB7C2F64FE}.Release|Any CPU.Build.0 = Release|Any CPU
		{34F4F09B-F3FE-817C-B846-22B145CE08D5}.Debug|Any CPU.ActiveCfg = Debug|Any CPU
		{34F4F09B-F3FE-817C-B846-22B145CE08D5}.Debug|Any CPU.Build.0 = Debug|Any CPU
		{34F4F09B-F3FE-817C-B846-22B145CE08D5}.Release|Any CPU.ActiveCfg = Release|Any CPU
		{34F4F09B-F3FE-817C-B846-22B145CE08D5}.Release|Any CPU.Build.0 = Release|Any CPU
		{746BA146-B4EF-0DDB-226C-EA9F44159381}.Debug|Any CPU.ActiveCfg = Debug|Any CPU
		{746BA146-B4EF-0DDB-226C-EA9F44159381}.Debug|Any CPU.Build.0 = Debug|Any CPU
		{746BA146-B4EF-0DDB-226C-EA9F44159381}.Release|Any CPU.ActiveCfg = Release|Any CPU
		{746BA146-B4EF-0DDB-226C-EA9F44159381}.Release|Any CPU.Build.0 = Release|Any CPU
		{6DA7B02D-1C5A-619F-D45A-58225A9A0874}.Debug|Any CPU.ActiveCfg = Debug|Any CPU
		{6DA7B02D-1C5A-619F-D45A-58225A9A0874}.Debug|Any CPU.Build.0 = Debug|Any CPU
		{6DA7B02D-1C5A-619F-D45A-58225A9A0874}.Release|Any CPU.ActiveCfg = Release|Any CPU
		{6DA7B02D-1C5A-619F-D45A-58225A9A0874}.Release|Any CPU.Build.0 = Release|Any CPU
		{952E8C41-7D77-FAB7-E991-C276E286C2CF}.Debug|Any CPU.ActiveCfg = Debug|Any CPU
		{952E8C41-7D77-FAB7-E991-C276E286C2CF}.Debug|Any CPU.Build.0 = Debug|Any CPU
		{952E8C41-7D77-FAB7-E991-C276E286C2CF}.Release|Any CPU.ActiveCfg = Release|Any CPU
		{952E8C41-7D77-FAB7-E991-C276E286C2CF}.Release|Any CPU.Build.0 = Release|Any CPU
		{796FBD6C-CCF6-9C4B-2B26-A4F1912B222C}.Debug|Any CPU.ActiveCfg = Debug|Any CPU
		{796FBD6C-CCF6-9C4B-2B26-A4F1912B222C}.Debug|Any CPU.Build.0 = Debug|Any CPU
		{796FBD6C-CCF6-9C4B-2B26-A4F1912B222C}.Release|Any CPU.ActiveCfg = Release|Any CPU
		{796FBD6C-CCF6-9C4B-2B26-A4F1912B222C}.Release|Any CPU.Build.0 = Release|Any CPU
		{FD46C045-A0BB-A03E-C0E2-814C542B4683}.Debug|Any CPU.ActiveCfg = Debug|Any CPU
		{FD46C045-A0BB-A03E-C0E2-814C542B4683}.Debug|Any CPU.Build.0 = Debug|Any CPU
		{FD46C045-A0BB-A03E-C0E2-814C542B4683}.Release|Any CPU.ActiveCfg = Release|Any CPU
		{FD46C045-A0BB-A03E-C0E2-814C542B4683}.Release|Any CPU.Build.0 = Release|Any CPU
		{CD873CBD-EA6F-75B3-A235-9C6EC7A1D63F}.Debug|Any CPU.ActiveCfg = Debug|Any CPU
		{CD873CBD-EA6F-75B3-A235-9C6EC7A1D63F}.Debug|Any CPU.Build.0 = Debug|Any CPU
		{CD873CBD-EA6F-75B3-A235-9C6EC7A1D63F}.Release|Any CPU.ActiveCfg = Release|Any CPU
		{CD873CBD-EA6F-75B3-A235-9C6EC7A1D63F}.Release|Any CPU.Build.0 = Release|Any CPU
		{2F205C42-AB0E-AFBC-9A95-0C0B8B085912}.Debug|Any CPU.ActiveCfg = Debug|Any CPU
		{2F205C42-AB0E-AFBC-9A95-0C0B8B085912}.Debug|Any CPU.Build.0 = Debug|Any CPU
		{2F205C42-AB0E-AFBC-9A95-0C0B8B085912}.Release|Any CPU.ActiveCfg = Release|Any CPU
		{2F205C42-AB0E-AFBC-9A95-0C0B8B085912}.Release|Any CPU.Build.0 = Release|Any CPU
		{F43BAE5A-D1E2-871A-F237-A4D98FA1016D}.Debug|Any CPU.ActiveCfg = Debug|Any CPU
		{F43BAE5A-D1E2-871A-F237-A4D98FA1016D}.Debug|Any CPU.Build.0 = Debug|Any CPU
		{F43BAE5A-D1E2-871A-F237-A4D98FA1016D}.Release|Any CPU.ActiveCfg = Release|Any CPU
		{F43BAE5A-D1E2-871A-F237-A4D98FA1016D}.Release|Any CPU.Build.0 = Release|Any CPU
		{161D9FEB-3D10-2FBE-F9D2-1FA3BF8D5550}.Debug|Any CPU.ActiveCfg = Debug|Any CPU
		{161D9FEB-3D10-2FBE-F9D2-1FA3BF8D5550}.Debug|Any CPU.Build.0 = Debug|Any CPU
		{161D9FEB-3D10-2FBE-F9D2-1FA3BF8D5550}.Release|Any CPU.ActiveCfg = Release|Any CPU
		{161D9FEB-3D10-2FBE-F9D2-1FA3BF8D5550}.Release|Any CPU.Build.0 = Release|Any CPU
		{E7184177-E83C-473F-8F36-F80E3F4F748A}.Debug|Any CPU.ActiveCfg = Debug|Any CPU
		{E7184177-E83C-473F-8F36-F80E3F4F748A}.Debug|Any CPU.Build.0 = Debug|Any CPU
		{E7184177-E83C-473F-8F36-F80E3F4F748A}.Release|Any CPU.ActiveCfg = Release|Any CPU
		{E7184177-E83C-473F-8F36-F80E3F4F748A}.Release|Any CPU.Build.0 = Release|Any CPU
		{A063D51E-573F-2D6B-D417-FD7A37E45170}.Debug|Any CPU.ActiveCfg = Debug|Any CPU
		{A063D51E-573F-2D6B-D417-FD7A37E45170}.Debug|Any CPU.Build.0 = Debug|Any CPU
		{A063D51E-573F-2D6B-D417-FD7A37E45170}.Release|Any CPU.ActiveCfg = Release|Any CPU
		{A063D51E-573F-2D6B-D417-FD7A37E45170}.Release|Any CPU.Build.0 = Release|Any CPU
		{9DEE26F2-8E4E-88E6-7C31-FAB8C9617D4B}.Debug|Any CPU.ActiveCfg = Debug|Any CPU
		{9DEE26F2-8E4E-88E6-7C31-FAB8C9617D4B}.Debug|Any CPU.Build.0 = Debug|Any CPU
		{9DEE26F2-8E4E-88E6-7C31-FAB8C9617D4B}.Release|Any CPU.ActiveCfg = Release|Any CPU
		{9DEE26F2-8E4E-88E6-7C31-FAB8C9617D4B}.Release|Any CPU.Build.0 = Release|Any CPU
		{56413006-9CED-C1A2-5D18-6D2FBEF357D3}.Debug|Any CPU.ActiveCfg = Debug|Any CPU
		{56413006-9CED-C1A2-5D18-6D2FBEF357D3}.Debug|Any CPU.Build.0 = Debug|Any CPU
		{56413006-9CED-C1A2-5D18-6D2FBEF357D3}.Release|Any CPU.ActiveCfg = Release|Any CPU
		{56413006-9CED-C1A2-5D18-6D2FBEF357D3}.Release|Any CPU.Build.0 = Release|Any CPU
		{3A253FB0-4C18-6D52-B4EE-22432FC1EAF6}.Debug|Any CPU.ActiveCfg = Debug|Any CPU
		{3A253FB0-4C18-6D52-B4EE-22432FC1EAF6}.Debug|Any CPU.Build.0 = Debug|Any CPU
		{3A253FB0-4C18-6D52-B4EE-22432FC1EAF6}.Release|Any CPU.ActiveCfg = Release|Any CPU
		{3A253FB0-4C18-6D52-B4EE-22432FC1EAF6}.Release|Any CPU.Build.0 = Release|Any CPU
		{CB6DDA35-9511-06BE-5D42-6B7C498D0C26}.Debug|Any CPU.ActiveCfg = Debug|Any CPU
		{CB6DDA35-9511-06BE-5D42-6B7C498D0C26}.Debug|Any CPU.Build.0 = Debug|Any CPU
		{CB6DDA35-9511-06BE-5D42-6B7C498D0C26}.Release|Any CPU.ActiveCfg = Release|Any CPU
		{CB6DDA35-9511-06BE-5D42-6B7C498D0C26}.Release|Any CPU.Build.0 = Release|Any CPU
		{D635224A-A68A-04DA-8C2C-42C2E3FAE883}.Debug|Any CPU.ActiveCfg = Debug|Any CPU
		{D635224A-A68A-04DA-8C2C-42C2E3FAE883}.Debug|Any CPU.Build.0 = Debug|Any CPU
		{D635224A-A68A-04DA-8C2C-42C2E3FAE883}.Release|Any CPU.ActiveCfg = Release|Any CPU
		{D635224A-A68A-04DA-8C2C-42C2E3FAE883}.Release|Any CPU.Build.0 = Release|Any CPU
		{5AB31389-022B-6A90-0EC7-92BCE1ACDC0C}.Debug|Any CPU.ActiveCfg = Debug|Any CPU
		{5AB31389-022B-6A90-0EC7-92BCE1ACDC0C}.Debug|Any CPU.Build.0 = Debug|Any CPU
		{5AB31389-022B-6A90-0EC7-92BCE1ACDC0C}.Release|Any CPU.ActiveCfg = Release|Any CPU
		{5AB31389-022B-6A90-0EC7-92BCE1ACDC0C}.Release|Any CPU.Build.0 = Release|Any CPU
	EndGlobalSection
	GlobalSection(SolutionProperties) = preSolution
		HideSolutionNode = FALSE
	EndGlobalSection
EndGlobal
